
Microsoft Visual Studio Solution File, Format Version 12.00
# Visual Studio Version 16
VisualStudioVersion = 16.0.31624.102
MinimumVisualStudioVersion = 10.0.40219.1
Project("{FAE04EC0-301F-11D3-BF4B-00C04F79EFBC}") = "CsvReader", "CsvReader\CsvReader.csproj", "{AF4B0661-4699-4BFB-980E-436B2D6ECDC4}"
EndProject
Global
	GlobalSection(SolutionConfigurationPlatforms) = preSolution
		Debug|Any CPU = Debug|Any CPU
		Release|Any CPU = Release|Any CPU
	EndGlobalSection
	GlobalSection(ProjectConfigurationPlatforms) = postSolution
		{AF4B0661-4699-4BFB-980E-436B2D6ECDC4}.Debug|Any CPU.ActiveCfg = Debug|Any CPU
		{AF4B0661-4699-4BFB-980E-436B2D6ECDC4}.Debug|Any CPU.Build.0 = Debug|Any CPU
		{AF4B0661-4699-4BFB-980E-436B2D6ECDC4}.Release|Any CPU.ActiveCfg = Release|Any CPU
		{AF4B0661-4699-4BFB-980E-436B2D6ECDC4}.Release|Any CPU.Build.0 = Release|Any CPU
	EndGlobalSection
	GlobalSection(SolutionProperties) = preSolution
		HideSolutionNode = FALSE
	EndGlobalSection
	GlobalSection(ExtensibilityGlobals) = postSolution
		SolutionGuid = {6D97B462-717D-4B87-AA1A-957F1F5860DB}
	EndGlobalSection
EndGlobal
